
Microsoft Visual Studio Solution File, Format Version 12.00
# Visual Studio 15
VisualStudioVersion = 15.0.27130.2027
MinimumVisualStudioVersion = 10.0.40219.1
Project("{FAE04EC0-301F-11D3-BF4B-00C04F79EFBC}") = "JDR", "JDR\JDR.csproj", "{82DBFC33-384A-4287-A9B2-BE64CC1FF6FD}"
EndProject
Global
	GlobalSection(SolutionConfigurationPlatforms) = preSolution
		Debug|Any CPU = Debug|Any CPU
		Release|Any CPU = Release|Any CPU
	EndGlobalSection
	GlobalSection(ProjectConfigurationPlatforms) = postSolution
		{82DBFC33-384A-4287-A9B2-BE64CC1FF6FD}.Debug|Any CPU.ActiveCfg = Debug|Any CPU
		{82DBFC33-384A-4287-A9B2-BE64CC1FF6FD}.Debug|Any CPU.Build.0 = Debug|Any CPU
		{82DBFC33-384A-4287-A9B2-BE64CC1FF6FD}.Release|Any CPU.ActiveCfg = Release|Any CPU
		{82DBFC33-384A-4287-A9B2-BE64CC1FF6FD}.Release|Any CPU.Build.0 = Release|Any CPU
	EndGlobalSection
	GlobalSection(SolutionProperties) = preSolution
		HideSolutionNode = FALSE
	EndGlobalSection
	GlobalSection(ExtensibilityGlobals) = postSolution
		SolutionGuid = {BEBA0731-9850-4483-AAAD-789B34E81AEF}
	EndGlobalSection
EndGlobal
